
Microsoft Visual Studio Solution File, Format Version 12.00
# Visual Studio Version 17
VisualStudioVersion = 17.8.34511.84
MinimumVisualStudioVersion = 10.0.40219.1
Project("{8BC9CEB8-8B4A-11D0-8D11-00A0C91BC942}") = "GoldMiner", "GoldMiner.vcxproj", "{AC4F1A98-4EA2-4D3B-BDC5-76D9FFD8980F}"
EndProject
Global
	GlobalSection(SolutionConfigurationPlatforms) = preSolution
		Debug|x64 = Debug|x64
		Debug|x86 = Debug|x86
		Release|x64 = Release|x64
		Release|x86 = Release|x86
	EndGlobalSection
	GlobalSection(ProjectConfigurationPlatforms) = postSolution
		{AC4F1A98-4EA2-4D3B-BDC5-76D9FFD8980F}.Debug|x64.ActiveCfg = Debug|x64
		{AC4F1A98-4EA2-4D3B-BDC5-76D9FFD8980F}.Debug|x64.Build.0 = Debug|x64
		{AC4F1A98-4EA2-4D3B-BDC5-76D9FFD8980F}.Debug|x86.ActiveCfg = Debug|Win32
		{AC4F1A98-4EA2-4D3B-BDC5-76D9FFD8980F}.Debug|x86.Build.0 = Debug|Win32
		{AC4F1A98-4EA2-4D3B-BDC5-76D9FFD8980F}.Release|x64.ActiveCfg = Release|x64
		{AC4F1A98-4EA2-4D3B-BDC5-76D9FFD8980F}.Release|x64.Build.0 = Release|x64
		{AC4F1A98-4EA2-4D3B-BDC5-76D9FFD8980F}.Release|x86.ActiveCfg = Release|Win32
		{AC4F1A98-4EA2-4D3B-BDC5-76D9FFD8980F}.Release|x86.Build.0 = Release|Win32
	EndGlobalSection
	GlobalSection(SolutionProperties) = preSolution
		HideSolutionNode = FALSE
	EndGlobalSection
	GlobalSection(ExtensibilityGlobals) = postSolution
		SolutionGuid = {79CC8004-1B0A-488E-AB17-8E073067C768}
	EndGlobalSection
EndGlobal
